
Microsoft Visual Studio Solution File, Format Version 12.00
# Visual Studio Version 16
VisualStudioVersion = 16.0.30225.117
MinimumVisualStudioVersion = 10.0.40219.1
Project("{FAE04EC0-301F-11D3-BF4B-00C04F79EFBC}") = "BeatGraphs", "BeatGraphs\BeatGraphs.csproj", "{0814D48B-0614-43A1-B6DB-F926AF4DA150}"
EndProject
Global
	GlobalSection(SolutionConfigurationPlatforms) = preSolution
		Debug|Any CPU = Debug|Any CPU
		Release|Any CPU = Release|Any CPU
	EndGlobalSection
	GlobalSection(ProjectConfigurationPlatforms) = postSolution
		{0814D48B-0614-43A1-B6DB-F926AF4DA150}.Debug|Any CPU.ActiveCfg = Debug|Any CPU
		{0814D48B-0614-43A1-B6DB-F926AF4DA150}.Debug|Any CPU.Build.0 = Debug|Any CPU
		{0814D48B-0614-43A1-B6DB-F926AF4DA150}.Release|Any CPU.ActiveCfg = Release|Any CPU
		{0814D48B-0614-43A1-B6DB-F926AF4DA150}.Release|Any CPU.Build.0 = Release|Any CPU
	EndGlobalSection
	GlobalSection(SolutionProperties) = preSolution
		HideSolutionNode = FALSE
	EndGlobalSection
	GlobalSection(ExtensibilityGlobals) = postSolution
		SolutionGuid = {284C3BD4-3346-4133-9687-4B6B0F6CF4B7}
	EndGlobalSection
EndGlobal
